
Microsoft Visual Studio Solution File, Format Version 12.00
# Visual Studio Version 16
VisualStudioVersion = 16.0.30523.141
MinimumVisualStudioVersion = 10.0.40219.1
Project("{9A19103F-16F7-4668-BE54-9A1E7A4F7556}") = "WritingExample", "WritingExample.csproj", "{21337B72-C9CE-4419-AE69-3E05C529B64D}"
EndProject
Global
	GlobalSection(SolutionConfigurationPlatforms) = preSolution
		Debug|Any CPU = Debug|Any CPU
		Release|Any CPU = Release|Any CPU
	EndGlobalSection
	GlobalSection(ProjectConfigurationPlatforms) = postSolution
		{21337B72-C9CE-4419-AE69-3E05C529B64D}.Debug|Any CPU.ActiveCfg = Debug|Any CPU
		{21337B72-C9CE-4419-AE69-3E05C529B64D}.Debug|Any CPU.Build.0 = Debug|Any CPU
		{21337B72-C9CE-4419-AE69-3E05C529B64D}.Release|Any CPU.ActiveCfg = Release|Any CPU
		{21337B72-C9CE-4419-AE69-3E05C529B64D}.Release|Any CPU.Build.0 = Release|Any CPU
	EndGlobalSection
	GlobalSection(SolutionProperties) = preSolution
		HideSolutionNode = FALSE
	EndGlobalSection
	GlobalSection(ExtensibilityGlobals) = postSolution
		SolutionGuid = {331B3F93-4E28-4A34-8A09-ED20DC452599}
	EndGlobalSection
EndGlobal
