
Microsoft Visual Studio Solution File, Format Version 12.00
# Visual Studio Version 16
VisualStudioVersion = 16.0.30104.148
MinimumVisualStudioVersion = 10.0.40219.1
Project("{FAE04EC0-301F-11D3-BF4B-00C04F79EFBC}") = "WritingExample", "WritingExample.csproj", "{D7E6F846-DFEC-49DB-A1CB-F8A0AFDC7AFB}"
EndProject
Global
	GlobalSection(SolutionConfigurationPlatforms) = preSolution
		Debug|Any CPU = Debug|Any CPU
		Release|Any CPU = Release|Any CPU
	EndGlobalSection
	GlobalSection(ProjectConfigurationPlatforms) = postSolution
		{D7E6F846-DFEC-49DB-A1CB-F8A0AFDC7AFB}.Debug|Any CPU.ActiveCfg = Debug|Any CPU
		{D7E6F846-DFEC-49DB-A1CB-F8A0AFDC7AFB}.Debug|Any CPU.Build.0 = Debug|Any CPU
		{D7E6F846-DFEC-49DB-A1CB-F8A0AFDC7AFB}.Release|Any CPU.ActiveCfg = Release|Any CPU
		{D7E6F846-DFEC-49DB-A1CB-F8A0AFDC7AFB}.Release|Any CPU.Build.0 = Release|Any CPU
	EndGlobalSection
	GlobalSection(SolutionProperties) = preSolution
		HideSolutionNode = FALSE
	EndGlobalSection
	GlobalSection(ExtensibilityGlobals) = postSolution
		SolutionGuid = {96B041A6-FA79-4CB4-8436-48869BB654F3}
	EndGlobalSection
EndGlobal
